
Microsoft Visual Studio Solution File, Format Version 12.00
# Visual Studio Version 16
VisualStudioVersion = 16.0.31129.286
MinimumVisualStudioVersion = 10.0.40219.1
Project("{FAE04EC0-301F-11D3-BF4B-00C04F79EFBC}") = "SQLScriptUpdateManager", "SQLScriptUpdateManager\SQLScriptUpdateManager.csproj", "{C49701BA-3549-4E20-BB1E-BFBF9C30C819}"
EndProject
Global
	GlobalSection(SolutionConfigurationPlatforms) = preSolution
		Debug|Any CPU = Debug|Any CPU
		Release|Any CPU = Release|Any CPU
	EndGlobalSection
	GlobalSection(ProjectConfigurationPlatforms) = postSolution
		{C49701BA-3549-4E20-BB1E-BFBF9C30C819}.Debug|Any CPU.ActiveCfg = Debug|Any CPU
		{C49701BA-3549-4E20-BB1E-BFBF9C30C819}.Debug|Any CPU.Build.0 = Debug|Any CPU
		{C49701BA-3549-4E20-BB1E-BFBF9C30C819}.Release|Any CPU.ActiveCfg = Release|Any CPU
		{C49701BA-3549-4E20-BB1E-BFBF9C30C819}.Release|Any CPU.Build.0 = Release|Any CPU
	EndGlobalSection
	GlobalSection(SolutionProperties) = preSolution
		HideSolutionNode = FALSE
	EndGlobalSection
	GlobalSection(ExtensibilityGlobals) = postSolution
		SolutionGuid = {557C11B7-61B4-47E6-B6D5-6D08F70739ED}
	EndGlobalSection
EndGlobal
